
Microsoft Visual Studio Solution File, Format Version 12.00
# Visual Studio Version 17
VisualStudioVersion = 17.6.33723.286
MinimumVisualStudioVersion = 10.0.40219.1
Project("{FAE04EC0-301F-11D3-BF4B-00C04F79EFBC}") = "Erika", "Erika.csproj", "{0AC6FC35-0F2C-4C61-AD06-0EF59F5C5792}"
EndProject
Global
	GlobalSection(SolutionConfigurationPlatforms) = preSolution
		Debug|Any CPU = Debug|Any CPU
		Release|Any CPU = Release|Any CPU
	EndGlobalSection
	GlobalSection(ProjectConfigurationPlatforms) = postSolution
		{0AC6FC35-0F2C-4C61-AD06-0EF59F5C5792}.Debug|Any CPU.ActiveCfg = Debug|Any CPU
		{0AC6FC35-0F2C-4C61-AD06-0EF59F5C5792}.Debug|Any CPU.Build.0 = Debug|Any CPU
		{0AC6FC35-0F2C-4C61-AD06-0EF59F5C5792}.Release|Any CPU.ActiveCfg = Release|Any CPU
		{0AC6FC35-0F2C-4C61-AD06-0EF59F5C5792}.Release|Any CPU.Build.0 = Release|Any CPU
	EndGlobalSection
	GlobalSection(SolutionProperties) = preSolution
		HideSolutionNode = FALSE
	EndGlobalSection
	GlobalSection(ExtensibilityGlobals) = postSolution
		SolutionGuid = {D516F6D4-D721-47EE-B368-671DD23B9560}
	EndGlobalSection
EndGlobal
